
Microsoft Visual Studio Solution File, Format Version 12.00
# Visual Studio Version 16
VisualStudioVersion = 16.0.30413.136
MinimumVisualStudioVersion = 10.0.40219.1
Project("{FAE04EC0-301F-11D3-BF4B-00C04F79EFBC}") = "Arturik.Android", "Arturik\Arturik.Android\Arturik.Android.csproj", "{E3A13597-3837-4AF4-A4B2-EE71594FEE71}"
EndProject
Project("{FAE04EC0-301F-11D3-BF4B-00C04F79EFBC}") = "Arturik", "Arturik\Arturik\Arturik.csproj", "{3D7DF8BC-05C5-40F2-9093-E32AE4A3D800}"
EndProject
Global
	GlobalSection(SolutionConfigurationPlatforms) = preSolution
		Debug|Any CPU = Debug|Any CPU
		Release|Any CPU = Release|Any CPU
	EndGlobalSection
	GlobalSection(ProjectConfigurationPlatforms) = postSolution
		{E3A13597-3837-4AF4-A4B2-EE71594FEE71}.Debug|Any CPU.ActiveCfg = Debug|Any CPU
		{E3A13597-3837-4AF4-A4B2-EE71594FEE71}.Debug|Any CPU.Build.0 = Debug|Any CPU
		{E3A13597-3837-4AF4-A4B2-EE71594FEE71}.Debug|Any CPU.Deploy.0 = Debug|Any CPU
		{E3A13597-3837-4AF4-A4B2-EE71594FEE71}.Release|Any CPU.ActiveCfg = Release|Any CPU
		{E3A13597-3837-4AF4-A4B2-EE71594FEE71}.Release|Any CPU.Build.0 = Release|Any CPU
		{E3A13597-3837-4AF4-A4B2-EE71594FEE71}.Release|Any CPU.Deploy.0 = Release|Any CPU
		{3D7DF8BC-05C5-40F2-9093-E32AE4A3D800}.Debug|Any CPU.ActiveCfg = Debug|Any CPU
		{3D7DF8BC-05C5-40F2-9093-E32AE4A3D800}.Debug|Any CPU.Build.0 = Debug|Any CPU
		{3D7DF8BC-05C5-40F2-9093-E32AE4A3D800}.Debug|Any CPU.Deploy.0 = Debug|Any CPU
		{3D7DF8BC-05C5-40F2-9093-E32AE4A3D800}.Release|Any CPU.ActiveCfg = Release|Any CPU
		{3D7DF8BC-05C5-40F2-9093-E32AE4A3D800}.Release|Any CPU.Build.0 = Release|Any CPU
		{3D7DF8BC-05C5-40F2-9093-E32AE4A3D800}.Release|Any CPU.Deploy.0 = Release|Any CPU
	EndGlobalSection
	GlobalSection(SolutionProperties) = preSolution
		HideSolutionNode = FALSE
	EndGlobalSection
	GlobalSection(ExtensibilityGlobals) = postSolution
		SolutionGuid = {3392C2DF-B652-4D6F-A560-5B5787A3068B}
	EndGlobalSection
EndGlobal
